github.com/google/go-cmp v0.6.0 h1:ofyhxvXcZhMsU5ulbFiLKl/XBFqE1GSq7atu8tAmTRI=
github.com/google/go-cmp v0.6.0/go.mod h1:17dUlkBOakJ0+DkrSSNjCkIjxS6bF9zb3elmeNGIjoY=
github.com/ianlewis/runeio v1.1.1 h1:HOdj/6dytZFBAuK8FRjjrdLPcvs2jfX0ELEcNwHp6RM=
github.com/ianlewis/runeio v1.1.1/go.mod h1:hM+Z7HfSnXU2NNvh09Aphh0UMAftz5uwFbEz7baLNT4=
