github.com/google/go-cmp v0.6.0 h1:ofyhxvXcZhMsU5ulbFiLKl/XBFqE1GSq7atu8tAmTRI=
github.com/google/go-cmp v0.6.0/go.mod h1:17dUlkBOakJ0+DkrSSNjCkIjxS6bF9zb3elmeNGIjoY=
github.com/ianlewis/runeio v1.1.0 h1:lErv0asDlK9bdQVyrE3Al0GLxWaaGohhbVlvu/kur7w=
github.com/ianlewis/runeio v1.1.0/go.mod h1:hM+Z7HfSnXU2NNvh09Aphh0UMAftz5uwFbEz7baLNT4=
